# This file was autogenerated by uv via the following command:
#    uv pip compile requirements.txt -o uv.lock
aiohappyeyeballs==2.6.1
    # via aiohttp
aiohttp==3.13.3
    # via
    #   langchain-community
    #   langchain-tavily
aiosignal==1.4.0
    # via aiohttp
altair==6.0.0
    # via streamlit
annotated-doc==0.0.4
    # via fastapi
annotated-types==0.7.0
    # via pydantic
anyio==4.12.0
    # via
    #   httpx
    #   openai
    #   sse-starlette
    #   starlette
    #   watchfiles
attrs==25.4.0
    # via
    #   aiohttp
    #   jsonschema
    #   referencing
backcall==0.2.0
    # via ipython
backoff==2.2.1
    # via posthog
bcrypt==5.0.0
    # via chromadb
beautifulsoup4==4.14.3
    # via
    #   finance-datareader
    #   yahooquery
    #   yfinance
blinker==1.9.0
    # via streamlit
build==1.3.0
    # via chromadb
cachetools==6.2.4
    # via
    #   google-auth
    #   streamlit
certifi==2026.1.4
    # via
    #   curl-cffi
    #   httpcore
    #   httpx
    #   kubernetes
    #   requests
cffi==2.0.0
    # via curl-cffi
charset-normalizer==3.4.4
    # via requests
chromadb==1.4.0
    # via -r requirements.txt
click==8.3.1
    # via
    #   streamlit
    #   typer
    #   typer-slim
    #   uvicorn
colorama==0.4.6
    # via
    #   build
    #   click
    #   ipython
    #   tqdm
    #   uvicorn
coloredlogs==15.0.1
    # via onnxruntime
curl-cffi==0.14.0
    # via
    #   yahooquery
    #   yfinance
dataclasses-json==0.6.7
    # via langchain-community
decorator==5.2.1
    # via ipython
distro==1.9.0
    # via
    #   openai
    #   posthog
durationpy==0.10
    # via kubernetes
fastapi==0.128.0
    # via
    #   -r requirements.txt
    #   langserve
    #   sse-starlette
filelock==3.20.2
    # via huggingface-hub
finance-datareader==0.9.101
    # via -r requirements.txt
flatbuffers==25.12.19
    # via onnxruntime
frozendict==2.4.7
    # via yfinance
frozenlist==1.8.0
    # via
    #   aiohttp
    #   aiosignal
fsspec==2025.12.0
    # via huggingface-hub
gitdb==4.0.12
    # via gitpython
gitpython==3.1.46
    # via streamlit
google-auth==2.46.0
    # via kubernetes
googleapis-common-protos==1.72.0
    # via opentelemetry-exporter-otlp-proto-grpc
greenlet==3.3.0
    # via sqlalchemy
grpcio==1.76.0
    # via
    #   chromadb
    #   opentelemetry-exporter-otlp-proto-grpc
h11==0.16.0
    # via
    #   httpcore
    #   uvicorn
hf-xet==1.2.0
    # via huggingface-hub
httpcore==1.0.9
    # via httpx
httptools==0.7.1
    # via uvicorn
httpx==0.28.1
    # via
    #   chromadb
    #   huggingface-hub
    #   langgraph-sdk
    #   langserve
    #   langsmith
    #   openai
httpx-sse==0.4.3
    # via
    #   langchain-community
    #   langchain-naver
huggingface-hub==1.2.3
    # via tokenizers
humanfriendly==10.0
    # via coloredlogs
idna==3.11
    # via
    #   anyio
    #   httpx
    #   requests
    #   yarl
importlib-metadata==8.7.1
    # via opentelemetry-api
importlib-resources==6.5.2
    # via chromadb
ipython==7.34.0
    # via -r requirements.txt
jedi==0.19.2
    # via ipython
jinja2==3.1.6
    # via
    #   altair
    #   pydeck
jiter==0.12.0
    # via openai
jsonpatch==1.33
    # via langchain-core
jsonpointer==3.0.0
    # via jsonpatch
jsonschema==4.25.1
    # via
    #   altair
    #   chromadb
jsonschema-specifications==2025.9.1
    # via jsonschema
kubernetes==34.1.0
    # via chromadb
langchain==0.3.27
    # via
    #   -r requirements.txt
    #   langchain-community
    #   langchain-tavily
langchain-community==0.3.27
    # via -r requirements.txt
langchain-core==0.3.81
    # via
    #   -r requirements.txt
    #   langchain
    #   langchain-community
    #   langchain-naver
    #   langchain-openai
    #   langchain-tavily
    #   langchain-text-splitters
    #   langgraph
    #   langgraph-checkpoint
    #   langgraph-prebuilt
    #   langserve
langchain-naver==0.1.0
    # via -r requirements.txt
langchain-openai==0.3.35
    # via
    #   -r requirements.txt
    #   langchain-naver
langchain-tavily==0.2.16
    # via -r requirements.txt
langchain-text-splitters==0.3.11
    # via
    #   -r requirements.txt
    #   langchain
langgraph==0.6.2
    # via -r requirements.txt
langgraph-checkpoint==2.1.2
    # via
    #   langgraph
    #   langgraph-prebuilt
langgraph-prebuilt==0.6.5
    # via langgraph
langgraph-sdk==0.2.15
    # via langgraph
langserve==0.3.3
    # via -r requirements.txt
langsmith==0.6.0
    # via
    #   langchain
    #   langchain-community
    #   langchain-core
lxml==6.0.2
    # via
    #   finance-datareader
    #   yahooquery
markdown-it-py==4.0.0
    # via rich
markupsafe==3.0.3
    # via jinja2
marshmallow==3.26.2
    # via dataclasses-json
matplotlib-inline==0.2.1
    # via ipython
mdurl==0.1.2
    # via markdown-it-py
mmh3==5.2.0
    # via chromadb
mpmath==1.3.0
    # via sympy
multidict==6.7.0
    # via
    #   aiohttp
    #   yarl
multitasking==0.0.12
    # via yfinance
mypy-extensions==1.1.0
    # via typing-inspect
narwhals==2.14.0
    # via
    #   altair
    #   plotly
numpy==2.4.0
    # via
    #   -r requirements.txt
    #   chromadb
    #   langchain-community
    #   onnxruntime
    #   pandas
    #   pydeck
    #   streamlit
    #   yfinance
oauthlib==3.3.1
    # via requests-oauthlib
onnxruntime==1.23.2
    # via chromadb
openai==2.14.0
    # via langchain-openai
opentelemetry-api==1.39.1
    # via
    #   chromadb
    #   opentelemetry-exporter-otlp-proto-grpc
    #   opentelemetry-sdk
    #   opentelemetry-semantic-conventions
opentelemetry-exporter-otlp-proto-common==1.39.1
    # via opentelemetry-exporter-otlp-proto-grpc
opentelemetry-exporter-otlp-proto-grpc==1.39.1
    # via chromadb
opentelemetry-proto==1.39.1
    # via
    #   opentelemetry-exporter-otlp-proto-common
    #   opentelemetry-exporter-otlp-proto-grpc
opentelemetry-sdk==1.39.1
    # via
    #   chromadb
    #   opentelemetry-exporter-otlp-proto-grpc
opentelemetry-semantic-conventions==0.60b1
    # via opentelemetry-sdk
orjson==3.11.5
    # via
    #   chromadb
    #   langgraph-sdk
    #   langserve
    #   langsmith
ormsgpack==1.12.1
    # via langgraph-checkpoint
overrides==7.7.0
    # via chromadb
packaging==25.0
    # via
    #   altair
    #   build
    #   huggingface-hub
    #   langchain-core
    #   langsmith
    #   marshmallow
    #   onnxruntime
    #   plotly
    #   streamlit
pandas==2.3.3
    # via
    #   -r requirements.txt
    #   finance-datareader
    #   streamlit
    #   yahooquery
    #   yfinance
parso==0.8.5
    # via jedi
peewee==3.18.3
    # via yfinance
pickleshare==0.7.5
    # via ipython
pillow==12.1.0
    # via streamlit
platformdirs==4.5.1
    # via yfinance
plotly==6.5.0
    # via
    #   -r requirements.txt
    #   finance-datareader
posthog==5.4.0
    # via chromadb
prompt-toolkit==3.0.52
    # via ipython
propcache==0.4.1
    # via
    #   aiohttp
    #   yarl
protobuf==6.33.2
    # via
    #   googleapis-common-protos
    #   onnxruntime
    #   opentelemetry-proto
    #   streamlit
    #   yfinance
pyarrow==22.0.0
    # via streamlit
pyasn1==0.6.1
    # via
    #   pyasn1-modules
    #   rsa
pyasn1-modules==0.4.2
    # via google-auth
pybase64==1.4.3
    # via chromadb
pycparser==2.23
    # via cffi
pydantic==2.11.7
    # via
    #   -r requirements.txt
    #   chromadb
    #   fastapi
    #   langchain
    #   langchain-core
    #   langgraph
    #   langserve
    #   langsmith
    #   openai
    #   pydantic-settings
pydantic-core==2.33.2
    # via pydantic
pydantic-settings==2.12.0
    # via langchain-community
pydeck==0.9.1
    # via streamlit
pygments==2.19.2
    # via
    #   ipython
    #   rich
pypdf==6.5.0
    # via -r requirements.txt
pypika==0.48.9
    # via chromadb
pyproject-hooks==1.2.0
    # via build
pyreadline3==3.5.4
    # via humanfriendly
python-dateutil==2.9.0.post0
    # via
    #   kubernetes
    #   pandas
    #   posthog
python-dotenv==1.2.1
    # via
    #   -r requirements.txt
    #   pydantic-settings
    #   uvicorn
pytz==2025.2
    # via
    #   pandas
    #   yfinance
pyyaml==6.0.3
    # via
    #   chromadb
    #   huggingface-hub
    #   kubernetes
    #   langchain
    #   langchain-community
    #   langchain-core
    #   uvicorn
referencing==0.37.0
    # via
    #   jsonschema
    #   jsonschema-specifications
regex==2025.11.3
    # via tiktoken
requests==2.32.5
    # via
    #   finance-datareader
    #   kubernetes
    #   langchain
    #   langchain-community
    #   langchain-tavily
    #   langsmith
    #   posthog
    #   requests-file
    #   requests-futures
    #   requests-oauthlib
    #   requests-toolbelt
    #   streamlit
    #   tiktoken
    #   yfinance
requests-file==3.0.1
    # via finance-datareader
requests-futures==1.0.2
    # via yahooquery
requests-oauthlib==2.0.0
    # via kubernetes
requests-toolbelt==1.0.0
    # via langsmith
rich==14.2.0
    # via
    #   chromadb
    #   typer
rpds-py==0.30.0
    # via
    #   jsonschema
    #   referencing
rsa==4.9.1
    # via google-auth
setuptools==80.9.0
    # via ipython
shellingham==1.5.4
    # via
    #   huggingface-hub
    #   typer
six==1.17.0
    # via
    #   kubernetes
    #   posthog
    #   python-dateutil
smmap==5.0.2
    # via gitdb
sniffio==1.3.1
    # via openai
soupsieve==2.8.1
    # via beautifulsoup4
sqlalchemy==2.0.45
    # via
    #   langchain
    #   langchain-community
sse-starlette==1.8.2
    # via langserve
starlette==0.50.0
    # via
    #   fastapi
    #   sse-starlette
streamlit==1.52.2
    # via -r requirements.txt
sympy==1.14.0
    # via onnxruntime
tenacity==9.1.2
    # via
    #   chromadb
    #   langchain-community
    #   langchain-core
    #   streamlit
tiktoken==0.12.0
    # via langchain-openai
tokenizers==0.22.2
    # via chromadb
toml==0.10.2
    # via streamlit
tornado==6.5.4
    # via streamlit
tqdm==4.67.1
    # via
    #   chromadb
    #   finance-datareader
    #   huggingface-hub
    #   openai
    #   yahooquery
traitlets==5.14.3
    # via
    #   ipython
    #   matplotlib-inline
typer==0.21.0
    # via chromadb
typer-slim==0.21.0
    # via huggingface-hub
typing-extensions==4.14.1
    # via
    #   -r requirements.txt
    #   aiosignal
    #   altair
    #   anyio
    #   beautifulsoup4
    #   chromadb
    #   fastapi
    #   grpcio
    #   huggingface-hub
    #   langchain-core
    #   openai
    #   opentelemetry-api
    #   opentelemetry-exporter-otlp-proto-grpc
    #   opentelemetry-sdk
    #   opentelemetry-semantic-conventions
    #   pydantic
    #   pydantic-core
    #   referencing
    #   sqlalchemy
    #   starlette
    #   streamlit
    #   typer
    #   typer-slim
    #   typing-inspect
    #   typing-inspection
typing-inspect==0.9.0
    # via dataclasses-json
typing-inspection==0.4.2
    # via
    #   pydantic
    #   pydantic-settings
tzdata==2025.3
    # via pandas
urllib3==2.3.0
    # via
    #   kubernetes
    #   requests
uuid-utils==0.12.0
    # via langsmith
uvicorn==0.40.0
    # via
    #   -r requirements.txt
    #   chromadb
    #   sse-starlette
watchdog==6.0.0
    # via streamlit
watchfiles==1.1.1
    # via uvicorn
wcwidth==0.2.14
    # via prompt-toolkit
websocket-client==1.9.0
    # via kubernetes
websockets==15.0.1
    # via
    #   uvicorn
    #   yfinance
xxhash==3.6.0
    # via langgraph
yahooquery==2.4.1
    # via -r requirements.txt
yarl==1.22.0
    # via aiohttp
yfinance==0.2.65
    # via -r requirements.txt
zipp==3.23.0
    # via importlib-metadata
zstandard==0.25.0
    # via langsmith
